
Microsoft Visual Studio Solution File, Format Version 12.00
# Visual Studio 15
VisualStudioVersion = 15.0.27703.2042
MinimumVisualStudioVersion = 10.0.40219.1
Project("{9A19103F-16F7-4668-BE54-9A1E7A4F7556}") = "GlobalExceptionFilter", "GlobalExceptionFilter\GlobalExceptionFilter.csproj", "{D3F8F018-CE32-4C05-8669-347614AD1DD0}"
EndProject
Project("{9A19103F-16F7-4668-BE54-9A1E7A4F7556}") = "GlobalExceptionFilter.Core", "Core\GlobalExceptionFilter.Core.csproj", "{8FF6CAB5-FAA7-42FE-B3CB-04262FE26DA1}"
EndProject
Project("{9A19103F-16F7-4668-BE54-9A1E7A4F7556}") = "GlobalExceptionFilter.Tests", "GlobalExceptionFilter.Tests\GlobalExceptionFilter.Tests.csproj", "{1E923288-C02F-408D-8734-E4AF6BDD84AD}"
EndProject
Global
	GlobalSection(SolutionConfigurationPlatforms) = preSolution
		Debug|Any CPU = Debug|Any CPU
		Release|Any CPU = Release|Any CPU
	EndGlobalSection
	GlobalSection(ProjectConfigurationPlatforms) = postSolution
		{D3F8F018-CE32-4C05-8669-347614AD1DD0}.Debug|Any CPU.ActiveCfg = Debug|Any CPU
		{D3F8F018-CE32-4C05-8669-347614AD1DD0}.Debug|Any CPU.Build.0 = Debug|Any CPU
		{D3F8F018-CE32-4C05-8669-347614AD1DD0}.Release|Any CPU.ActiveCfg = Release|Any CPU
		{D3F8F018-CE32-4C05-8669-347614AD1DD0}.Release|Any CPU.Build.0 = Release|Any CPU
		{8FF6CAB5-FAA7-42FE-B3CB-04262FE26DA1}.Debug|Any CPU.ActiveCfg = Debug|Any CPU
		{8FF6CAB5-FAA7-42FE-B3CB-04262FE26DA1}.Debug|Any CPU.Build.0 = Debug|Any CPU
		{8FF6CAB5-FAA7-42FE-B3CB-04262FE26DA1}.Release|Any CPU.ActiveCfg = Release|Any CPU
		{8FF6CAB5-FAA7-42FE-B3CB-04262FE26DA1}.Release|Any CPU.Build.0 = Release|Any CPU
		{1E923288-C02F-408D-8734-E4AF6BDD84AD}.Debug|Any CPU.ActiveCfg = Debug|Any CPU
		{1E923288-C02F-408D-8734-E4AF6BDD84AD}.Debug|Any CPU.Build.0 = Debug|Any CPU
		{1E923288-C02F-408D-8734-E4AF6BDD84AD}.Release|Any CPU.ActiveCfg = Release|Any CPU
		{1E923288-C02F-408D-8734-E4AF6BDD84AD}.Release|Any CPU.Build.0 = Release|Any CPU
	EndGlobalSection
	GlobalSection(SolutionProperties) = preSolution
		HideSolutionNode = FALSE
	EndGlobalSection
	GlobalSection(ExtensibilityGlobals) = postSolution
		SolutionGuid = {6BECA9FC-5841-48C6-961A-6568319296B4}
	EndGlobalSection
EndGlobal
